# THIS IS AN AUTOGENERATED FILE. DO NOT EDIT THIS FILE DIRECTLY.
# yarn lockfile v1


"@actions/core@^1.6.0":
  version "1.6.0"
  resolved "https://registry.yarnpkg.com/@actions/core/-/core-1.6.0.tgz#0568e47039bfb6a9170393a73f3b7eb3b22462cb"
  integrity sha512-NB1UAZomZlCV/LmJqkLhNTqtKfFXJZAUPcfl/zqG7EfsQdeUJtaWO98SGbuQ3pydJ3fHl2CvI/51OKYlCYYcaw==
  dependencies:
    "@actions/http-client" "^1.0.11"

"@actions/http-client@^1.0.11":
  version "1.0.11"
  resolved "https://registry.yarnpkg.com/@actions/http-client/-/http-client-1.0.11.tgz#c58b12e9aa8b159ee39e7dd6cbd0e91d905633c0"
  integrity sha512-VRYHGQV1rqnROJqdMvGUbY/Kn8vriQe/F9HR2AlYHzmKuM/p3kjNuXhmdBfcVgsvRWTz5C5XW5xvndZrVBuAYg==
  dependencies:
    tunnel "0.0.6"

"@elastic/elasticsearch@^7.15.0":
  version "7.15.0"
  resolved "https://registry.yarnpkg.com/@elastic/elasticsearch/-/elasticsearch-7.15.0.tgz#4b009a87e0b11b8cfd2e4f378f0292574bc17300"
  integrity sha512-FUKvjV2IKtIiWsvBy7D+wLbSEONsmNR15RRN7P/Sb30g4ObZRHH2qGOP5PPnzxdntEkzZ8HzY7nKKXFS+3Du1g==
  dependencies:
    debug "^4.3.1"
    hpagent "^0.1.1"
    ms "^2.1.3"
    secure-json-parse "^2.4.0"

"@tryghost/debug@^0.1.8":
  version "0.1.8"
  resolved "https://registry.yarnpkg.com/@tryghost/debug/-/debug-0.1.8.tgz#3d97634a14fd463a9a590a335e79f4d1f2cf189c"
  integrity sha512-vgf3n+wcaOxmuA7RhBl8YiG4cRQcHg7+XkQfJ2OzgUVm8XZaPlCfT5IagBT1q0sNThdS8fglFKFupcHZO5ZggA==
  dependencies:
    "@tryghost/root-utils" "^0.3.6"
    debug "^4.3.1"

"@tryghost/elasticsearch@^0.1.2":
  version "0.1.2"
  resolved "https://registry.yarnpkg.com/@tryghost/elasticsearch/-/elasticsearch-0.1.2.tgz#a2d25ddbd7a9ab7a1a42b32cad7147fc264aaf9d"
  integrity sha512-jAGTegtGc0P80uOpzHQpA9XERDanKxAkD4rSOhX3gOOqGsTVYIDUERssTrID7dFcCWXSMShOVdYPqDirtAQfVQ==
  dependencies:
    "@elastic/elasticsearch" "^7.15.0"
    "@tryghost/debug" "^0.1.8"

"@tryghost/metrics@^0.2.4":
  version "0.2.4"
  resolved "https://registry.yarnpkg.com/@tryghost/metrics/-/metrics-0.2.4.tgz#43a26c6eb49fb018546b3f8afdcdea6df3ec0453"
  integrity sha512-h5DeeNOLkULOJoUV+6YkrPjtiGWwCGOskoD+itiUn2u3zljA8Tr3VWrNssICI2IAZOBzmYVpbKohTsZsuH0wDQ==
  dependencies:
    "@tryghost/elasticsearch" "^0.1.2"
    "@tryghost/pretty-stream" "^0.1.1"
    "@tryghost/root-utils" "^0.3.6"

"@tryghost/pretty-stream@^0.1.1":
  version "0.1.1"
  resolved "https://registry.yarnpkg.com/@tryghost/pretty-stream/-/pretty-stream-0.1.1.tgz#8be18694f3081424c0efb832fa32469d5891356b"
  integrity sha512-+FYAVozEmYctaVI+4xEhRnpep0xSnGL7FiT91dffxTLx2QVQxI1qADD9Dfb9EzIYIDRttUKoZJ4xzrVpnzD0WQ==
  dependencies:
    lodash "^4.17.21"
    moment "^2.29.1"
    prettyjson "^1.2.1"

"@tryghost/root-utils@^0.3.6":
  version "0.3.6"
  resolved "https://registry.yarnpkg.com/@tryghost/root-utils/-/root-utils-0.3.6.tgz#424b012fe94f68f4c137a510a4929639e5281a3a"
  integrity sha512-fLUKGxpiwBQ8UCpxkbhT4L4VBRha8nU1YMOnWVdRa2LQPtaZ8+Nvs9LsAm86p1Qjsdr6x5PrNwpy5HBHEdNsYA==
  dependencies:
    caller "^1.0.1"
    find-root "^1.1.0"

"@vercel/ncc@^0.31.1":
  version "0.31.1"
  resolved "https://registry.yarnpkg.com/@vercel/ncc/-/ncc-0.31.1.tgz#9346c7e59326f5eeac75c0286e47df94c2d6d8f7"
  integrity sha512-g0FAxwdViI6UzsiVz5HssIHqjcPa1EHL6h+2dcJD893SoCJaGdqqgUF09xnMW6goWnnhbLvgiKlgJWrJa+7qYA==

caller@^1.0.1:
  version "1.0.1"
  resolved "https://registry.yarnpkg.com/caller/-/caller-1.0.1.tgz#b851860f70e195db3d277395aa1a7e23ea30ecf5"
  integrity sha1-uFGGD3Dhlds9J3OVqhp+I+ow7PU=

colors@^1.1.2:
  version "1.4.0"
  resolved "https://registry.yarnpkg.com/colors/-/colors-1.4.0.tgz#c50491479d4c1bdaed2c9ced32cf7c7dc2360f78"
  integrity sha512-a+UqTh4kgZg/SlGvfbzDHpgRu7AAQOmmqRHJnxhRZICKFUT91brVhNNt58CMWU9PsBbv3PDCZUHbVxuDiH2mtA==

debug@^4.3.1:
  version "4.3.2"
  resolved "https://registry.yarnpkg.com/debug/-/debug-4.3.2.tgz#f0a49c18ac8779e31d4a0c6029dfb76873c7428b"
  integrity sha512-mOp8wKcvj7XxC78zLgw/ZA+6TSgkoE2C/ienthhRD298T7UNwAg9diBpLRxC0mOezLl4B0xV7M0cCO6P/O0Xhw==
  dependencies:
    ms "2.1.2"

find-root@^1.1.0:
  version "1.1.0"
  resolved "https://registry.yarnpkg.com/find-root/-/find-root-1.1.0.tgz#abcfc8ba76f708c42a97b3d685b7e9450bfb9ce4"
  integrity sha512-NKfW6bec6GfKc0SGx1e07QZY9PE99u0Bft/0rzSD5k3sO/vwkVUpDUKVm5Gpp5Ue3YfShPFTX2070tDs5kB9Ng==

hpagent@^0.1.1:
  version "0.1.2"
  resolved "https://registry.yarnpkg.com/hpagent/-/hpagent-0.1.2.tgz#cab39c66d4df2d4377dbd212295d878deb9bdaa9"
  integrity sha512-ePqFXHtSQWAFXYmj+JtOTHr84iNrII4/QRlAAPPE+zqnKy4xJo7Ie1Y4kC7AdB+LxLxSTTzBMASsEcy0q8YyvQ==

lodash@^4.17.21:
  version "4.17.21"
  resolved "https://registry.yarnpkg.com/lodash/-/lodash-4.17.21.tgz#679591c564c3bffaae8454cf0b3df370c3d6911c"
  integrity sha512-v2kDEe57lecTulaDIuNTPy3Ry4gLGJ6Z1O3vE1krgXZNrsQ+LFTGHVxVjcXPs17LhbZVGedAJv8XZ1tvj5FvSg==

minimist@^1.2.0:
  version "1.2.5"
  resolved "https://registry.yarnpkg.com/minimist/-/minimist-1.2.5.tgz#67d66014b66a6a8aaa0c083c5fd58df4e4e97602"
  integrity sha512-FM9nNUYrRBAELZQT3xeZQ7fmMOBg6nWNmJKTcgsJeaLstP/UODVpGsr5OhXhhXg6f+qtJ8uiZ+PUxkDWcgIXLw==

moment@^2.29.1:
  version "2.29.1"
  resolved "https://registry.yarnpkg.com/moment/-/moment-2.29.1.tgz#b2be769fa31940be9eeea6469c075e35006fa3d3"
  integrity sha512-kHmoybcPV8Sqy59DwNDY3Jefr64lK/by/da0ViFcuA4DH0vQg5Q6Ze5VimxkfQNSC+Mls/Kx53s7TjP1RhFEDQ==

ms@2.1.2:
  version "2.1.2"
  resolved "https://registry.yarnpkg.com/ms/-/ms-2.1.2.tgz#d09d1f357b443f493382a8eb3ccd183872ae6009"
  integrity sha512-sGkPx+VjMtmA6MX27oA4FBFELFCZZ4S4XqeGOXCv68tT+jb3vk/RyaKWP0PTKyWtmLSM0b+adUTEvbs1PEaH2w==

ms@^2.1.3:
  version "2.1.3"
  resolved "https://registry.yarnpkg.com/ms/-/ms-2.1.3.tgz#574c8138ce1d2b5861f0b44579dbadd60c6615b2"
  integrity sha512-6FlzubTLZG3J2a/NVCAleEhjzq5oxgHyaCU9yYXvcLsvoVaHJq/s5xXI6/XXP6tz7R9xAOtHnSO/tXtF3WRTlA==

prettyjson@^1.2.1:
  version "1.2.1"
  resolved "https://registry.yarnpkg.com/prettyjson/-/prettyjson-1.2.1.tgz#fcffab41d19cab4dfae5e575e64246619b12d289"
  integrity sha1-/P+rQdGcq0365eV15kJGYZsS0ok=
  dependencies:
    colors "^1.1.2"
    minimist "^1.2.0"

secure-json-parse@^2.4.0:
  version "2.4.0"
  resolved "https://registry.yarnpkg.com/secure-json-parse/-/secure-json-parse-2.4.0.tgz#5aaeaaef85c7a417f76271a4f5b0cc3315ddca85"
  integrity sha512-Q5Z/97nbON5t/L/sH6mY2EacfjVGwrCcSi5D3btRO2GZ8pf1K1UN7Z9H5J57hjVU2Qzxr1xO+FmBhOvEkzCMmg==

tunnel@0.0.6:
  version "0.0.6"
  resolved "https://registry.yarnpkg.com/tunnel/-/tunnel-0.0.6.tgz#72f1314b34a5b192db012324df2cc587ca47f92c"
  integrity sha512-1h/Lnq9yajKY2PEbBadPXj3VxsDDu844OnaAo52UVmIzIvwwtBPIuNvkjuzBlTWpfJyUbG3ez0KSBibQkj4ojg==
